dependencies:
- name: common
  repository: https://charts.bitnami.com/bitnami
  version: 2.1.1
- name: reloader
  repository: https://stakater.github.io/stakater-charts
  version: v0.0.129
digest: sha256:bde35791766bf392d7800bfb77ce42f95ecff3116275363d9e7798213a16fc24
generated: "2023-02-28T17:03:03.918069239Z"
