dependencies:
- name: common
  repository: https://charts.bitnami.com/bitnami
  version: 2.13.3
- name: reloader
  repository: https://stakater.github.io/stakater-charts
  version: 1.2.0
digest: sha256:8e45cea162200bcbcc0b1ad240a887bbf53c7ec4edfcc6f7d0a6d277bbab42d9
generated: "2024-11-20T11:16:55.627052023Z"
